
Microsoft Visual Studio Solution File, Format Version 12.00
# Visual Studio Version 17
VisualStudioVersion = 17.7.34024.191
MinimumVisualStudioVersion = 10.0.40219.1
Project("{FAE04EC0-301F-11D3-BF4B-00C04F79EFBC}") = "MethodsAndOopsInC#", "MethodsAndOopsInC#.csproj", "{A2D4F464-D5C3-4D89-B272-BE0025EF2E24}"
EndProject
Global
	GlobalSection(SolutionConfigurationPlatforms) = preSolution
		Debug|Any CPU = Debug|Any CPU
		Release|Any CPU = Release|Any CPU
	EndGlobalSection
	GlobalSection(ProjectConfigurationPlatforms) = postSolution
		{A2D4F464-D5C3-4D89-B272-BE0025EF2E24}.Debug|Any CPU.ActiveCfg = Debug|Any CPU
		{A2D4F464-D5C3-4D89-B272-BE0025EF2E24}.Debug|Any CPU.Build.0 = Debug|Any CPU
		{A2D4F464-D5C3-4D89-B272-BE0025EF2E24}.Release|Any CPU.ActiveCfg = Release|Any CPU
		{A2D4F464-D5C3-4D89-B272-BE0025EF2E24}.Release|Any CPU.Build.0 = Release|Any CPU
	EndGlobalSection
	GlobalSection(SolutionProperties) = preSolution
		HideSolutionNode = FALSE
	EndGlobalSection
	GlobalSection(ExtensibilityGlobals) = postSolution
		SolutionGuid = {6413658A-E3A9-45F9-97C0-A0EAE4561C13}
	EndGlobalSection
EndGlobal
